{
  "name": "libraries",
  "lockfileVersion": 3,
  "requires": true,
  "packages": {
    "": {
      "dependencies": {
        "ng-drag-to-reorder": "^1.0.8"
      }
    },
    "node_modules/ng-drag-to-reorder": {
      "version": "1.0.8",
      "resolved": "https://registry.npmjs.org/ng-drag-to-reorder/-/ng-drag-to-reorder-1.0.8.tgz",
      "integrity": "sha512-trKuGFtmcPHh6gd0pChjWd+vgxc9VOHOprFPem4TAe96DQmk1rRL2ql+/0ysYpj2Ki94zfF7txPa0Q+QmGyTLg==",
      "license": "MIT"
    }
  }
}
